PODS:
  - SnapKit (5.0.1)
  - VryLibrary (0.1.0):
    - SnapKit (~> 5.0.1)

DEPENDENCIES:
  - VryLibrary (from `../`)

SPEC REPOS:
  trunk:
    - SnapKit

EXTERNAL SOURCES:
  VryLibrary:
    :path: "../"

SPEC CHECKSUMS:
  SnapKit: 97b92857e3df3a0c71833cce143274bf6ef8e5eb
  VryLibrary: e96cfa4ed191c3a28a8556c17defb2fd2572f3d6

PODFILE CHECKSUM: f72b70638864ec4d4a3d0fe657113d6b674c1f40

COCOAPODS: 1.11.2
