PODS:
  - RippleAnimation (0.1.1)
  - SkeletonView (1.8.2)
  - SnapKit (5.0.1)
  - VryLibrary (0.1.1):
    - RippleAnimation
    - SkeletonView (= 1.8.2)
    - SnapKit (~> 5.0.1)

DEPENDENCIES:
  - VryLibrary (from `../`)

SPEC REPOS:
  trunk:
    - RippleAnimation
    - SkeletonView
    - SnapKit

EXTERNAL SOURCES:
  VryLibrary:
    :path: "../"

SPEC CHECKSUMS:
  RippleAnimation: 25dca5f010faf6b1577878e24790231735be4166
  SkeletonView: bb27c39857e5492136f02ee8a3aa78de55d12ecd
  SnapKit: 97b92857e3df3a0c71833cce143274bf6ef8e5eb
  VryLibrary: b7b6f75c731d2123e1b723450674d0685a6c3ea7

PODFILE CHECKSUM: f72b70638864ec4d4a3d0fe657113d6b674c1f40

COCOAPODS: 1.11.2
